Microsoft Visual Studio Solution File, Format Version 11.00
# Visual Studio 2008

Project("{266AB227-D134-E0AC-177B-EBC1508CC842}") = "SmallWorld", "Assembly-CSharp-firstpass.csproj", "{F20C2429-B3D3-D084-7E32-F740A89ADEE9}"
EndProject
Project("{266AB227-D134-E0AC-177B-EBC1508CC842}") = "SmallWorld", "Assembly-CSharp.csproj", "{49554B70-7D7D-D49C-DCB1-2D9BE49C69E5}"
EndProject
Project("{266AB227-D134-E0AC-177B-EBC1508CC842}") = "SmallWorld", "Assembly-CSharp-Editor.csproj", "{93FC3990-E208-95B7-5444-D74C4B7EE8F3}"
EndProject
Project("{266AB227-D134-E0AC-177B-EBC1508CC842}") = "SmallWorld", "Assembly-UnityScript.unityproj", "{46B1E118-1AA0-58CF-54FB-BF62080B90EB}"
EndProject
Global
	GlobalSection(SolutionConfigurationPlatforms) = preSolution
		Debug|Any CPU = Debug|Any CPU
		Release|Any CPU = Release|Any CPU
	EndGlobalSection
	GlobalSection(ProjectConfigurationPlatforms) = postSolution
		{F20C2429-B3D3-D084-7E32-F740A89ADEE9}.Debug|Any CPU.ActiveCfg = Debug|Any CPU
		{F20C2429-B3D3-D084-7E32-F740A89ADEE9}.Debug|Any CPU.Build.0 = Debug|Any CPU
		{F20C2429-B3D3-D084-7E32-F740A89ADEE9}.Release|Any CPU.ActiveCfg = Release|Any CPU
		{F20C2429-B3D3-D084-7E32-F740A89ADEE9}.Release|Any CPU.Build.0 = Release|Any CPU
		{49554B70-7D7D-D49C-DCB1-2D9BE49C69E5}.Debug|Any CPU.ActiveCfg = Debug|Any CPU
		{49554B70-7D7D-D49C-DCB1-2D9BE49C69E5}.Debug|Any CPU.Build.0 = Debug|Any CPU
		{49554B70-7D7D-D49C-DCB1-2D9BE49C69E5}.Release|Any CPU.ActiveCfg = Release|Any CPU
		{49554B70-7D7D-D49C-DCB1-2D9BE49C69E5}.Release|Any CPU.Build.0 = Release|Any CPU
		{93FC3990-E208-95B7-5444-D74C4B7EE8F3}.Debug|Any CPU.ActiveCfg = Debug|Any CPU
		{93FC3990-E208-95B7-5444-D74C4B7EE8F3}.Debug|Any CPU.Build.0 = Debug|Any CPU
		{93FC3990-E208-95B7-5444-D74C4B7EE8F3}.Release|Any CPU.ActiveCfg = Release|Any CPU
		{93FC3990-E208-95B7-5444-D74C4B7EE8F3}.Release|Any CPU.Build.0 = Release|Any CPU
		{46B1E118-1AA0-58CF-54FB-BF62080B90EB}.Debug|Any CPU.ActiveCfg = Debug|Any CPU
		{46B1E118-1AA0-58CF-54FB-BF62080B90EB}.Debug|Any CPU.Build.0 = Debug|Any CPU
		{46B1E118-1AA0-58CF-54FB-BF62080B90EB}.Release|Any CPU.ActiveCfg = Release|Any CPU
		{46B1E118-1AA0-58CF-54FB-BF62080B90EB}.Release|Any CPU.Build.0 = Release|Any CPU
	EndGlobalSection
	GlobalSection(SolutionProperties) = preSolution
		HideSolutionNode = FALSE
	EndGlobalSection
																																																																																																						GlobalSection(MonoDevelopProperties) = preSolution
		StartupItem = Assembly-CSharp.csproj
		Policies = $0
		$0.TextStylePolicy = $1
		$1.inheritsSet = null
		$1.scope = text/x-csharp
		$0.CSharpFormattingPolicy = $2
		$2.inheritsSet = Mono
		$2.inheritsScope = text/x-csharp
		$2.scope = text/x-csharp
		$0.TextStylePolicy = $3
		$3.FileWidth = 120
		$3.TabWidth = 4
		$3.IndentWidth = 4
		$3.EolMarker = Unix
		$3.inheritsSet = Mono
		$3.inheritsScope = text/plain
		$3.scope = text/plain
	EndGlobalSection

EndGlobal
